
Microsoft Visual Studio Solution File, Format Version 12.00
Project("{FAE04EC0-301F-11D3-BF4B-00C04F79EFBC}") = "Topica", "Topica\Topica.csproj", "{793565E9-1348-4279-864C-1FCA64AE6B84}"
EndProject
Project("{2150E333-8FDC-42A3-9474-1A3956D46DE8}") = "Solution Items", "Solution Items", "{20DB8CF9-8622-46DF-9C2B-E6521D772169}"
ProjectSection(SolutionItems) = preProject
	..\.gitignore = ..\.gitignore
	..\README.md = ..\README.md
EndProjectSection
EndProject
Project("{2150E333-8FDC-42A3-9474-1A3956D46DE8}") = "Presentation", "Presentation", "{79224FA1-FB83-402D-A9CE-78F7712F6A1B}"
EndProject
Project("{2150E333-8FDC-42A3-9474-1A3956D46DE8}") = "Core", "Core", "{30870729-1B15-4980-80A6-911976DA7532}"
EndProject
Project("{2150E333-8FDC-42A3-9474-1A3956D46DE8}") = "Infrastructure", "Infrastructure", "{D0AADA6D-BA2C-4327-825D-33457AB03DF4}"
EndProject
Project("{FAE04EC0-301F-11D3-BF4B-00C04F79EFBC}") = "Topica.Aws", "Topica.Aws\Topica.Aws.csproj", "{D6C73C8B-1B91-4E11-AEE4-0C2030CFB906}"
EndProject
Project("{FAE04EC0-301F-11D3-BF4B-00C04F79EFBC}") = "Topica.Kafka", "Topica.Kafka\Topica.Kafka.csproj", "{F5373BE8-E23A-477D-B621-2D921CB53553}"
EndProject
Project("{FAE04EC0-301F-11D3-BF4B-00C04F79EFBC}") = "Aws.Topic.Consumer.Host", "Aws.Topic.Consumer.Host\Aws.Topic.Consumer.Host.csproj", "{CB258294-71AC-4047-BB8D-6B9EE6005050}"
EndProject
Project("{FAE04EC0-301F-11D3-BF4B-00C04F79EFBC}") = "Kafka.Topic.Consumer.Host", "Kafka.Topic.Consumer.Host\Kafka.Topic.Consumer.Host.csproj", "{2D1038FE-DD58-4C23-89F3-133E723553FD}"
EndProject
Project("{FAE04EC0-301F-11D3-BF4B-00C04F79EFBC}") = "RabbitMq.Topic.Consumer.Host", "RabbitMq.Topic.Consumer.Host\RabbitMq.Topic.Consumer.Host.csproj", "{13CF13F9-A924-4A4B-A29C-C711E89D2170}"
EndProject
Project("{FAE04EC0-301F-11D3-BF4B-00C04F79EFBC}") = "Topica.RabbitMq", "Topica.RabbitMq\Topica.RabbitMq.csproj", "{644E8AEB-4B4E-4102-A7A2-ACDA3513CF59}"
EndProject
Project("{FAE04EC0-301F-11D3-BF4B-00C04F79EFBC}") = "Topica.Pulsar", "Topica.Pulsar\Topica.Pulsar.csproj", "{26BE74A5-4AFB-4727-BB4B-CBBC549704C5}"
EndProject
Project("{FAE04EC0-301F-11D3-BF4B-00C04F79EFBC}") = "Pulsar.Topic.Consumer.Host", "Pulsar.Topic.Consumer.Host\Pulsar.Topic.Consumer.Host.csproj", "{39EE32E9-9144-4B9A-A0AE-BDF4BEBCB196}"
EndProject
Project("{FAE04EC0-301F-11D3-BF4B-00C04F79EFBC}") = "Pulsar.Topic.Producer.Host", "Pulsar.Topic.Producer.Host\Pulsar.Topic.Producer.Host.csproj", "{CEF24FAE-D43C-4DB4-B262-CC7E695344A7}"
EndProject
Project("{FAE04EC0-301F-11D3-BF4B-00C04F79EFBC}") = "RabbitMq.Topic.Producer.Host", "RabbitMq.Topic.Producer.Host\RabbitMq.Topic.Producer.Host.csproj", "{D9414D74-796D-4864-8D98-658853DD5B07}"
EndProject
Project("{2150E333-8FDC-42A3-9474-1A3956D46DE8}") = "Docker", "Docker", "{61A51C6C-9886-457E-9F71-7E41B7909B54}"
EndProject
Project("{2150E333-8FDC-42A3-9474-1A3956D46DE8}") = "GitHub", "GitHub", "{CA4B8797-60C0-4906-9A5E-57E5D3CD0D62}"
	ProjectSection(SolutionItems) = preProject
		..\.github\workflows\ci_main.yml = ..\.github\workflows\ci_main.yml
		..\.github\workflows\ci_main_tag.yml = ..\.github\workflows\ci_main_tag.yml
	EndProjectSection
EndProject
Project("{2150E333-8FDC-42A3-9474-1A3956D46DE8}") = "Consumers", "Consumers", "{2498F3D0-A2AE-4E82-9166-3F99CFD2AD01}"
EndProject
Project("{2150E333-8FDC-42A3-9474-1A3956D46DE8}") = "Producers", "Producers", "{D4049594-00C3-4442-A58C-02349759CE21}"
EndProject
Project("{2150E333-8FDC-42A3-9474-1A3956D46DE8}") = "Hosts", "Hosts", "{8BB967B8-19F8-4CE1-B2EF-03F78B773B75}"
	ProjectSection(SolutionItems) = preProject
		..\.docker\docker-compose-all-consumers.yml = ..\.docker\docker-compose-all-consumers.yml
		..\.docker\docker-compose-all-producers.yml = ..\.docker\docker-compose-all-producers.yml
		..\.docker\docker-compose-all-hosts.yml = ..\.docker\docker-compose-all-hosts.yml
	EndProjectSection
EndProject
Project("{FAE04EC0-301F-11D3-BF4B-00C04F79EFBC}") = "Aws.Topic.Producer.Host", "Aws.Topic.Producer.Host\Aws.Topic.Producer.Host.csproj", "{21999F35-8D25-49D0-A8B1-7687279EA157}"
EndProject
Project("{FAE04EC0-301F-11D3-BF4B-00C04F79EFBC}") = "Kafka.Topic.Producer.Host", "Kafka.Topic.Producer.Host\Kafka.Topic.Producer.Host.csproj", "{152F1ADB-E485-4BC5-96AE-40599CC35EF4}"
EndProject
Project("{FAE04EC0-301F-11D3-BF4B-00C04F79EFBC}") = "Azure.ServiceBus.Topic.Consumer.Host", "Azure.ServiceBus.Topic.Consumer.Host\Azure.ServiceBus.Topic.Consumer.Host.csproj", "{523AE10E-05D7-4D6E-BDEB-1D8CA8D3DC2E}"
EndProject
Project("{FAE04EC0-301F-11D3-BF4B-00C04F79EFBC}") = "Topica.Azure.ServiceBus", "Topica.Azure.ServiceBus\Topica.Azure.ServiceBus.csproj", "{D5B3D229-BE6E-4996-B225-188227F20FAE}"
EndProject
Project("{FAE04EC0-301F-11D3-BF4B-00C04F79EFBC}") = "Azure.ServiceBus.Topic.Producer.Host", "Azure.ServiceBus.Topic.Producer.Host\Azure.ServiceBus.Topic.Producer.Host.csproj", "{E27CC489-752E-46A6-944F-F0F463F4B5E4}"
EndProject
Project("{FAE04EC0-301F-11D3-BF4B-00C04F79EFBC}") = "Topica.SharedMessageHandlers", "Topica.SharedMessageHandlers\Topica.SharedMessageHandlers.csproj", "{4D63C584-164D-4DB5-A955-CBCB5419D632}"
EndProject
Project("{FAE04EC0-301F-11D3-BF4B-00C04F79EFBC}") = "Aws.Queue.Consumer.Host", "Aws.Queue.Consumer.Host\Aws.Queue.Consumer.Host.csproj", "{F5F078FA-E0AA-4554-BB11-2BD583C719BB}"
EndProject
Project("{FAE04EC0-301F-11D3-BF4B-00C04F79EFBC}") = "Aws.Queue.Producer.Host", "Aws.Queue.Producer.Host\Aws.Queue.Producer.Host.csproj", "{7746D86D-865A-471B-B95A-2E2B92B0B00A}"
EndProject
Project("{FAE04EC0-301F-11D3-BF4B-00C04F79EFBC}") = "RabbitMq.Queue.Consumer.Host", "RabbitMq.Queue.Consumer.Host\RabbitMq.Queue.Consumer.Host.csproj", "{C779DD8A-5ECF-4ED4-B697-00985B10D043}"
EndProject
Project("{FAE04EC0-301F-11D3-BF4B-00C04F79EFBC}") = "RabbitMq.Queue.Producer.Host", "RabbitMq.Queue.Producer.Host\RabbitMq.Queue.Producer.Host.csproj", "{39E92426-E2D2-456F-B19C-5B62A9260AB1}"
EndProject
Project("{2150E333-8FDC-42A3-9474-1A3956D46DE8}") = "Tests", "Tests", "{D95600C8-CEF4-4B32-98C1-E4AE5E36BC97}"
EndProject
Project("{FAE04EC0-301F-11D3-BF4B-00C04F79EFBC}") = "Topica.Integration.Tests", "Topica.Integration.Tests\Topica.Integration.Tests.csproj", "{4878AFDF-CC5F-4724-86C4-13CF2CCE0171}"
EndProject
Project("{FAE04EC0-301F-11D3-BF4B-00C04F79EFBC}") = "Topica.Unit.Tests", "Topica.Unit.Tests\Topica.Unit.Tests.csproj", "{3790A2F4-B51E-42E0-AA88-0E13B9F711EF}"
EndProject
Project("{FAE04EC0-301F-11D3-BF4B-00C04F79EFBC}") = "Topica.Web", "Topica.Web\Topica.Web.csproj", "{A50231D4-25E4-4BA4-8A1F-DEB7540DCC27}"
EndProject
Project("{2150E333-8FDC-42A3-9474-1A3956D46DE8}") = "Azure", "Azure", "{3D338369-EC0A-4AC6-B956-F7A75F4B7C4C}"
EndProject
Project("{2150E333-8FDC-42A3-9474-1A3956D46DE8}") = "Templates", "Templates", "{8B93E09A-DCCA-4C6D-9710-AD36959E800E}"
EndProject
Project("{2150E333-8FDC-42A3-9474-1A3956D46DE8}") = "Arm", "Arm", "{66358FB9-6664-4EEE-87ED-853E209308D5}"
	ProjectSection(SolutionItems) = preProject
		..\.azure\templates\arm\parameters.json = ..\.azure\templates\arm\parameters.json
		..\.azure\templates\arm\template.json = ..\.azure\templates\arm\template.json
	EndProjectSection
EndProject
Project("{2150E333-8FDC-42A3-9474-1A3956D46DE8}") = "Bicep", "Bicep", "{9D99EA63-7284-4BF2-9FB5-ACFC45DEE4B5}"
	ProjectSection(SolutionItems) = preProject
		..\.azure\templates\bicep\topica.all.bicep = ..\.azure\templates\bicep\topica.all.bicep
		..\.azure\templates\bicep\topica-dev.bicepparam = ..\.azure\templates\bicep\topica-dev.bicepparam
	EndProjectSection
EndProject
Global
	GlobalSection(SolutionConfigurationPlatforms) = preSolution
		Debug|Any CPU = Debug|Any CPU
		Release|Any CPU = Release|Any CPU
	EndGlobalSection
	GlobalSection(ProjectConfigurationPlatforms) = postSolution
		{793565E9-1348-4279-864C-1FCA64AE6B84}.Debug|Any CPU.ActiveCfg = Debug|Any CPU
		{793565E9-1348-4279-864C-1FCA64AE6B84}.Debug|Any CPU.Build.0 = Debug|Any CPU
		{793565E9-1348-4279-864C-1FCA64AE6B84}.Release|Any CPU.ActiveCfg = Release|Any CPU
		{793565E9-1348-4279-864C-1FCA64AE6B84}.Release|Any CPU.Build.0 = Release|Any CPU
		{D6C73C8B-1B91-4E11-AEE4-0C2030CFB906}.Debug|Any CPU.ActiveCfg = Debug|Any CPU
		{D6C73C8B-1B91-4E11-AEE4-0C2030CFB906}.Debug|Any CPU.Build.0 = Debug|Any CPU
		{D6C73C8B-1B91-4E11-AEE4-0C2030CFB906}.Release|Any CPU.ActiveCfg = Release|Any CPU
		{D6C73C8B-1B91-4E11-AEE4-0C2030CFB906}.Release|Any CPU.Build.0 = Release|Any CPU
		{F5373BE8-E23A-477D-B621-2D921CB53553}.Debug|Any CPU.ActiveCfg = Debug|Any CPU
		{F5373BE8-E23A-477D-B621-2D921CB53553}.Debug|Any CPU.Build.0 = Debug|Any CPU
		{F5373BE8-E23A-477D-B621-2D921CB53553}.Release|Any CPU.ActiveCfg = Release|Any CPU
		{F5373BE8-E23A-477D-B621-2D921CB53553}.Release|Any CPU.Build.0 = Release|Any CPU
		{CB258294-71AC-4047-BB8D-6B9EE6005050}.Debug|Any CPU.ActiveCfg = Debug|Any CPU
		{CB258294-71AC-4047-BB8D-6B9EE6005050}.Debug|Any CPU.Build.0 = Debug|Any CPU
		{CB258294-71AC-4047-BB8D-6B9EE6005050}.Release|Any CPU.ActiveCfg = Release|Any CPU
		{CB258294-71AC-4047-BB8D-6B9EE6005050}.Release|Any CPU.Build.0 = Release|Any CPU
		{2D1038FE-DD58-4C23-89F3-133E723553FD}.Debug|Any CPU.ActiveCfg = Debug|Any CPU
		{2D1038FE-DD58-4C23-89F3-133E723553FD}.Debug|Any CPU.Build.0 = Debug|Any CPU
		{2D1038FE-DD58-4C23-89F3-133E723553FD}.Release|Any CPU.ActiveCfg = Release|Any CPU
		{2D1038FE-DD58-4C23-89F3-133E723553FD}.Release|Any CPU.Build.0 = Release|Any CPU
		{13CF13F9-A924-4A4B-A29C-C711E89D2170}.Debug|Any CPU.ActiveCfg = Debug|Any CPU
		{13CF13F9-A924-4A4B-A29C-C711E89D2170}.Debug|Any CPU.Build.0 = Debug|Any CPU
		{13CF13F9-A924-4A4B-A29C-C711E89D2170}.Release|Any CPU.ActiveCfg = Release|Any CPU
		{13CF13F9-A924-4A4B-A29C-C711E89D2170}.Release|Any CPU.Build.0 = Release|Any CPU
		{644E8AEB-4B4E-4102-A7A2-ACDA3513CF59}.Debug|Any CPU.ActiveCfg = Debug|Any CPU
		{644E8AEB-4B4E-4102-A7A2-ACDA3513CF59}.Debug|Any CPU.Build.0 = Debug|Any CPU
		{644E8AEB-4B4E-4102-A7A2-ACDA3513CF59}.Release|Any CPU.ActiveCfg = Release|Any CPU
		{644E8AEB-4B4E-4102-A7A2-ACDA3513CF59}.Release|Any CPU.Build.0 = Release|Any CPU
		{26BE74A5-4AFB-4727-BB4B-CBBC549704C5}.Debug|Any CPU.ActiveCfg = Debug|Any CPU
		{26BE74A5-4AFB-4727-BB4B-CBBC549704C5}.Debug|Any CPU.Build.0 = Debug|Any CPU
		{26BE74A5-4AFB-4727-BB4B-CBBC549704C5}.Release|Any CPU.ActiveCfg = Release|Any CPU
		{26BE74A5-4AFB-4727-BB4B-CBBC549704C5}.Release|Any CPU.Build.0 = Release|Any CPU
		{39EE32E9-9144-4B9A-A0AE-BDF4BEBCB196}.Debug|Any CPU.ActiveCfg = Debug|Any CPU
		{39EE32E9-9144-4B9A-A0AE-BDF4BEBCB196}.Debug|Any CPU.Build.0 = Debug|Any CPU
		{39EE32E9-9144-4B9A-A0AE-BDF4BEBCB196}.Release|Any CPU.ActiveCfg = Release|Any CPU
		{39EE32E9-9144-4B9A-A0AE-BDF4BEBCB196}.Release|Any CPU.Build.0 = Release|Any CPU
		{CEF24FAE-D43C-4DB4-B262-CC7E695344A7}.Debug|Any CPU.ActiveCfg = Debug|Any CPU
		{CEF24FAE-D43C-4DB4-B262-CC7E695344A7}.Debug|Any CPU.Build.0 = Debug|Any CPU
		{CEF24FAE-D43C-4DB4-B262-CC7E695344A7}.Release|Any CPU.ActiveCfg = Release|Any CPU
		{CEF24FAE-D43C-4DB4-B262-CC7E695344A7}.Release|Any CPU.Build.0 = Release|Any CPU
		{D9414D74-796D-4864-8D98-658853DD5B07}.Debug|Any CPU.ActiveCfg = Debug|Any CPU
		{D9414D74-796D-4864-8D98-658853DD5B07}.Debug|Any CPU.Build.0 = Debug|Any CPU
		{D9414D74-796D-4864-8D98-658853DD5B07}.Release|Any CPU.ActiveCfg = Release|Any CPU
		{D9414D74-796D-4864-8D98-658853DD5B07}.Release|Any CPU.Build.0 = Release|Any CPU
		{21999F35-8D25-49D0-A8B1-7687279EA157}.Debug|Any CPU.ActiveCfg = Debug|Any CPU
		{21999F35-8D25-49D0-A8B1-7687279EA157}.Debug|Any CPU.Build.0 = Debug|Any CPU
		{21999F35-8D25-49D0-A8B1-7687279EA157}.Release|Any CPU.ActiveCfg = Release|Any CPU
		{21999F35-8D25-49D0-A8B1-7687279EA157}.Release|Any CPU.Build.0 = Release|Any CPU
		{152F1ADB-E485-4BC5-96AE-40599CC35EF4}.Debug|Any CPU.ActiveCfg = Debug|Any CPU
		{152F1ADB-E485-4BC5-96AE-40599CC35EF4}.Debug|Any CPU.Build.0 = Debug|Any CPU
		{152F1ADB-E485-4BC5-96AE-40599CC35EF4}.Release|Any CPU.ActiveCfg = Release|Any CPU
		{152F1ADB-E485-4BC5-96AE-40599CC35EF4}.Release|Any CPU.Build.0 = Release|Any CPU
		{523AE10E-05D7-4D6E-BDEB-1D8CA8D3DC2E}.Debug|Any CPU.ActiveCfg = Debug|Any CPU
		{523AE10E-05D7-4D6E-BDEB-1D8CA8D3DC2E}.Debug|Any CPU.Build.0 = Debug|Any CPU
		{523AE10E-05D7-4D6E-BDEB-1D8CA8D3DC2E}.Release|Any CPU.ActiveCfg = Release|Any CPU
		{523AE10E-05D7-4D6E-BDEB-1D8CA8D3DC2E}.Release|Any CPU.Build.0 = Release|Any CPU
		{D5B3D229-BE6E-4996-B225-188227F20FAE}.Debug|Any CPU.ActiveCfg = Debug|Any CPU
		{D5B3D229-BE6E-4996-B225-188227F20FAE}.Debug|Any CPU.Build.0 = Debug|Any CPU
		{D5B3D229-BE6E-4996-B225-188227F20FAE}.Release|Any CPU.ActiveCfg = Release|Any CPU
		{D5B3D229-BE6E-4996-B225-188227F20FAE}.Release|Any CPU.Build.0 = Release|Any CPU
		{E27CC489-752E-46A6-944F-F0F463F4B5E4}.Debug|Any CPU.ActiveCfg = Debug|Any CPU
		{E27CC489-752E-46A6-944F-F0F463F4B5E4}.Debug|Any CPU.Build.0 = Debug|Any CPU
		{E27CC489-752E-46A6-944F-F0F463F4B5E4}.Release|Any CPU.ActiveCfg = Release|Any CPU
		{E27CC489-752E-46A6-944F-F0F463F4B5E4}.Release|Any CPU.Build.0 = Release|Any CPU
		{4D63C584-164D-4DB5-A955-CBCB5419D632}.Debug|Any CPU.ActiveCfg = Debug|Any CPU
		{4D63C584-164D-4DB5-A955-CBCB5419D632}.Debug|Any CPU.Build.0 = Debug|Any CPU
		{4D63C584-164D-4DB5-A955-CBCB5419D632}.Release|Any CPU.ActiveCfg = Release|Any CPU
		{4D63C584-164D-4DB5-A955-CBCB5419D632}.Release|Any CPU.Build.0 = Release|Any CPU
		{F5F078FA-E0AA-4554-BB11-2BD583C719BB}.Debug|Any CPU.ActiveCfg = Debug|Any CPU
		{F5F078FA-E0AA-4554-BB11-2BD583C719BB}.Debug|Any CPU.Build.0 = Debug|Any CPU
		{F5F078FA-E0AA-4554-BB11-2BD583C719BB}.Release|Any CPU.ActiveCfg = Release|Any CPU
		{F5F078FA-E0AA-4554-BB11-2BD583C719BB}.Release|Any CPU.Build.0 = Release|Any CPU
		{7746D86D-865A-471B-B95A-2E2B92B0B00A}.Debug|Any CPU.ActiveCfg = Debug|Any CPU
		{7746D86D-865A-471B-B95A-2E2B92B0B00A}.Debug|Any CPU.Build.0 = Debug|Any CPU
		{7746D86D-865A-471B-B95A-2E2B92B0B00A}.Release|Any CPU.ActiveCfg = Release|Any CPU
		{7746D86D-865A-471B-B95A-2E2B92B0B00A}.Release|Any CPU.Build.0 = Release|Any CPU
		{C779DD8A-5ECF-4ED4-B697-00985B10D043}.Debug|Any CPU.ActiveCfg = Debug|Any CPU
		{C779DD8A-5ECF-4ED4-B697-00985B10D043}.Debug|Any CPU.Build.0 = Debug|Any CPU
		{C779DD8A-5ECF-4ED4-B697-00985B10D043}.Release|Any CPU.ActiveCfg = Release|Any CPU
		{C779DD8A-5ECF-4ED4-B697-00985B10D043}.Release|Any CPU.Build.0 = Release|Any CPU
		{39E92426-E2D2-456F-B19C-5B62A9260AB1}.Debug|Any CPU.ActiveCfg = Debug|Any CPU
		{39E92426-E2D2-456F-B19C-5B62A9260AB1}.Debug|Any CPU.Build.0 = Debug|Any CPU
		{39E92426-E2D2-456F-B19C-5B62A9260AB1}.Release|Any CPU.ActiveCfg = Release|Any CPU
		{39E92426-E2D2-456F-B19C-5B62A9260AB1}.Release|Any CPU.Build.0 = Release|Any CPU
		{4878AFDF-CC5F-4724-86C4-13CF2CCE0171}.Debug|Any CPU.ActiveCfg = Debug|Any CPU
		{4878AFDF-CC5F-4724-86C4-13CF2CCE0171}.Debug|Any CPU.Build.0 = Debug|Any CPU
		{4878AFDF-CC5F-4724-86C4-13CF2CCE0171}.Release|Any CPU.ActiveCfg = Release|Any CPU
		{4878AFDF-CC5F-4724-86C4-13CF2CCE0171}.Release|Any CPU.Build.0 = Release|Any CPU
		{3790A2F4-B51E-42E0-AA88-0E13B9F711EF}.Debug|Any CPU.ActiveCfg = Debug|Any CPU
		{3790A2F4-B51E-42E0-AA88-0E13B9F711EF}.Debug|Any CPU.Build.0 = Debug|Any CPU
		{3790A2F4-B51E-42E0-AA88-0E13B9F711EF}.Release|Any CPU.ActiveCfg = Release|Any CPU
		{3790A2F4-B51E-42E0-AA88-0E13B9F711EF}.Release|Any CPU.Build.0 = Release|Any CPU
		{A50231D4-25E4-4BA4-8A1F-DEB7540DCC27}.Debug|Any CPU.ActiveCfg = Debug|Any CPU
		{A50231D4-25E4-4BA4-8A1F-DEB7540DCC27}.Debug|Any CPU.Build.0 = Debug|Any CPU
		{A50231D4-25E4-4BA4-8A1F-DEB7540DCC27}.Release|Any CPU.ActiveCfg = Release|Any CPU
		{A50231D4-25E4-4BA4-8A1F-DEB7540DCC27}.Release|Any CPU.Build.0 = Release|Any CPU
	EndGlobalSection
	GlobalSection(NestedProjects) = preSolution
		{793565E9-1348-4279-864C-1FCA64AE6B84} = {30870729-1B15-4980-80A6-911976DA7532}
		{D6C73C8B-1B91-4E11-AEE4-0C2030CFB906} = {D0AADA6D-BA2C-4327-825D-33457AB03DF4}
		{F5373BE8-E23A-477D-B621-2D921CB53553} = {D0AADA6D-BA2C-4327-825D-33457AB03DF4}
		{644E8AEB-4B4E-4102-A7A2-ACDA3513CF59} = {D0AADA6D-BA2C-4327-825D-33457AB03DF4}
		{26BE74A5-4AFB-4727-BB4B-CBBC549704C5} = {D0AADA6D-BA2C-4327-825D-33457AB03DF4}
		{61A51C6C-9886-457E-9F71-7E41B7909B54} = {20DB8CF9-8622-46DF-9C2B-E6521D772169}
		{CA4B8797-60C0-4906-9A5E-57E5D3CD0D62} = {20DB8CF9-8622-46DF-9C2B-E6521D772169}
		{2498F3D0-A2AE-4E82-9166-3F99CFD2AD01} = {79224FA1-FB83-402D-A9CE-78F7712F6A1B}
		{CB258294-71AC-4047-BB8D-6B9EE6005050} = {2498F3D0-A2AE-4E82-9166-3F99CFD2AD01}
		{2D1038FE-DD58-4C23-89F3-133E723553FD} = {2498F3D0-A2AE-4E82-9166-3F99CFD2AD01}
		{39EE32E9-9144-4B9A-A0AE-BDF4BEBCB196} = {2498F3D0-A2AE-4E82-9166-3F99CFD2AD01}
		{13CF13F9-A924-4A4B-A29C-C711E89D2170} = {2498F3D0-A2AE-4E82-9166-3F99CFD2AD01}
		{D4049594-00C3-4442-A58C-02349759CE21} = {79224FA1-FB83-402D-A9CE-78F7712F6A1B}
		{CEF24FAE-D43C-4DB4-B262-CC7E695344A7} = {D4049594-00C3-4442-A58C-02349759CE21}
		{D9414D74-796D-4864-8D98-658853DD5B07} = {D4049594-00C3-4442-A58C-02349759CE21}
		{8BB967B8-19F8-4CE1-B2EF-03F78B773B75} = {61A51C6C-9886-457E-9F71-7E41B7909B54}
		{21999F35-8D25-49D0-A8B1-7687279EA157} = {D4049594-00C3-4442-A58C-02349759CE21}
		{152F1ADB-E485-4BC5-96AE-40599CC35EF4} = {D4049594-00C3-4442-A58C-02349759CE21}
		{523AE10E-05D7-4D6E-BDEB-1D8CA8D3DC2E} = {2498F3D0-A2AE-4E82-9166-3F99CFD2AD01}
		{D5B3D229-BE6E-4996-B225-188227F20FAE} = {D0AADA6D-BA2C-4327-825D-33457AB03DF4}
		{E27CC489-752E-46A6-944F-F0F463F4B5E4} = {D4049594-00C3-4442-A58C-02349759CE21}
		{4D63C584-164D-4DB5-A955-CBCB5419D632} = {79224FA1-FB83-402D-A9CE-78F7712F6A1B}
		{F5F078FA-E0AA-4554-BB11-2BD583C719BB} = {2498F3D0-A2AE-4E82-9166-3F99CFD2AD01}
		{7746D86D-865A-471B-B95A-2E2B92B0B00A} = {D4049594-00C3-4442-A58C-02349759CE21}
		{C779DD8A-5ECF-4ED4-B697-00985B10D043} = {2498F3D0-A2AE-4E82-9166-3F99CFD2AD01}
		{39E92426-E2D2-456F-B19C-5B62A9260AB1} = {D4049594-00C3-4442-A58C-02349759CE21}
		{4878AFDF-CC5F-4724-86C4-13CF2CCE0171} = {D95600C8-CEF4-4B32-98C1-E4AE5E36BC97}
		{3790A2F4-B51E-42E0-AA88-0E13B9F711EF} = {D95600C8-CEF4-4B32-98C1-E4AE5E36BC97}
		{A50231D4-25E4-4BA4-8A1F-DEB7540DCC27} = {79224FA1-FB83-402D-A9CE-78F7712F6A1B}
		{3D338369-EC0A-4AC6-B956-F7A75F4B7C4C} = {20DB8CF9-8622-46DF-9C2B-E6521D772169}
		{8B93E09A-DCCA-4C6D-9710-AD36959E800E} = {3D338369-EC0A-4AC6-B956-F7A75F4B7C4C}
		{66358FB9-6664-4EEE-87ED-853E209308D5} = {8B93E09A-DCCA-4C6D-9710-AD36959E800E}
		{9D99EA63-7284-4BF2-9FB5-ACFC45DEE4B5} = {8B93E09A-DCCA-4C6D-9710-AD36959E800E}
	EndGlobalSection
EndGlobal
